
Microsoft Visual Studio Solution File, Format Version 12.00
# Visual Studio Version 16
VisualStudioVersion = 16.0.30011.22
MinimumVisualStudioVersion = 10.0.40219.1
Project("{9A19103F-16F7-4668-BE54-9A1E7A4F7556}") = "01-04_DefiningClasses", "P01-04_DefiningClasses\01-04_DefiningClasses.csproj", "{6319AFA0-04BA-44BB-94D1-93B0ACED5F62}"
EndProject
Project("{9A19103F-16F7-4668-BE54-9A1E7A4F7556}") = "P05.DateModifier", "P05_DateModifier\P05.DateModifier.csproj", "{622A2F4A-7A5A-4ED6-8289-F91761993B85}"
EndProject
Project("{9A19103F-16F7-4668-BE54-9A1E7A4F7556}") = "P06.SpeedRacing", "P06_SpeedRacing\P06.SpeedRacing.csproj", "{5CF051BB-1CE8-48C1-A9AA-50E388A740F2}"
EndProject
Project("{9A19103F-16F7-4668-BE54-9A1E7A4F7556}") = "P07.RawData", "P07_RawData\P07.RawData.csproj", "{EE890EEC-C8E6-4AC6-BE9F-FCF34A24534F}"
EndProject
Project("{9A19103F-16F7-4668-BE54-9A1E7A4F7556}") = "P08.CarSalesman", "P08_CarSalesman\P08.CarSalesman.csproj", "{E463237B-F0DA-45C5-A105-0EF7DD984FE5}"
EndProject
Project("{9A19103F-16F7-4668-BE54-9A1E7A4F7556}") = "P09.Pokemon Trainer", "P09. Pokemon Trainer\P09.Pokemon Trainer.csproj", "{134BADB6-631B-4802-B204-D8E3D2780C31}"
EndProject
Project("{9A19103F-16F7-4668-BE54-9A1E7A4F7556}") = "P10.SoftUniParking", "P10. SoftUni Parking\P10.SoftUniParking.csproj", "{7DA9AB47-37CC-4CB8-8BC1-6D5268CB107E}"
EndProject
Global
	GlobalSection(SolutionConfigurationPlatforms) = preSolution
		Debug|Any CPU = Debug|Any CPU
		Release|Any CPU = Release|Any CPU
	EndGlobalSection
	GlobalSection(ProjectConfigurationPlatforms) = postSolution
		{6319AFA0-04BA-44BB-94D1-93B0ACED5F62}.Debug|Any CPU.ActiveCfg = Debug|Any CPU
		{6319AFA0-04BA-44BB-94D1-93B0ACED5F62}.Debug|Any CPU.Build.0 = Debug|Any CPU
		{6319AFA0-04BA-44BB-94D1-93B0ACED5F62}.Release|Any CPU.ActiveCfg = Release|Any CPU
		{6319AFA0-04BA-44BB-94D1-93B0ACED5F62}.Release|Any CPU.Build.0 = Release|Any CPU
		{622A2F4A-7A5A-4ED6-8289-F91761993B85}.Debug|Any CPU.ActiveCfg = Debug|Any CPU
		{622A2F4A-7A5A-4ED6-8289-F91761993B85}.Debug|Any CPU.Build.0 = Debug|Any CPU
		{622A2F4A-7A5A-4ED6-8289-F91761993B85}.Release|Any CPU.ActiveCfg = Release|Any CPU
		{622A2F4A-7A5A-4ED6-8289-F91761993B85}.Release|Any CPU.Build.0 = Release|Any CPU
		{5CF051BB-1CE8-48C1-A9AA-50E388A740F2}.Debug|Any CPU.ActiveCfg = Debug|Any CPU
		{5CF051BB-1CE8-48C1-A9AA-50E388A740F2}.Debug|Any CPU.Build.0 = Debug|Any CPU
		{5CF051BB-1CE8-48C1-A9AA-50E388A740F2}.Release|Any CPU.ActiveCfg = Release|Any CPU
		{5CF051BB-1CE8-48C1-A9AA-50E388A740F2}.Release|Any CPU.Build.0 = Release|Any CPU
		{EE890EEC-C8E6-4AC6-BE9F-FCF34A24534F}.Debug|Any CPU.ActiveCfg = Debug|Any CPU
		{EE890EEC-C8E6-4AC6-BE9F-FCF34A24534F}.Debug|Any CPU.Build.0 = Debug|Any CPU
		{EE890EEC-C8E6-4AC6-BE9F-FCF34A24534F}.Release|Any CPU.ActiveCfg = Release|Any CPU
		{EE890EEC-C8E6-4AC6-BE9F-FCF34A24534F}.Release|Any CPU.Build.0 = Release|Any CPU
		{E463237B-F0DA-45C5-A105-0EF7DD984FE5}.Debug|Any CPU.ActiveCfg = Debug|Any CPU
		{E463237B-F0DA-45C5-A105-0EF7DD984FE5}.Debug|Any CPU.Build.0 = Debug|Any CPU
		{E463237B-F0DA-45C5-A105-0EF7DD984FE5}.Release|Any CPU.ActiveCfg = Release|Any CPU
		{E463237B-F0DA-45C5-A105-0EF7DD984FE5}.Release|Any CPU.Build.0 = Release|Any CPU
		{134BADB6-631B-4802-B204-D8E3D2780C31}.Debug|Any CPU.ActiveCfg = Debug|Any CPU
		{134BADB6-631B-4802-B204-D8E3D2780C31}.Debug|Any CPU.Build.0 = Debug|Any CPU
		{134BADB6-631B-4802-B204-D8E3D2780C31}.Release|Any CPU.ActiveCfg = Release|Any CPU
		{134BADB6-631B-4802-B204-D8E3D2780C31}.Release|Any CPU.Build.0 = Release|Any CPU
		{7DA9AB47-37CC-4CB8-8BC1-6D5268CB107E}.Debug|Any CPU.ActiveCfg = Debug|Any CPU
		{7DA9AB47-37CC-4CB8-8BC1-6D5268CB107E}.Debug|Any CPU.Build.0 = Debug|Any CPU
		{7DA9AB47-37CC-4CB8-8BC1-6D5268CB107E}.Release|Any CPU.ActiveCfg = Release|Any CPU
		{7DA9AB47-37CC-4CB8-8BC1-6D5268CB107E}.Release|Any CPU.Build.0 = Release|Any CPU
	EndGlobalSection
	GlobalSection(SolutionProperties) = preSolution
		HideSolutionNode = FALSE
	EndGlobalSection
	GlobalSection(ExtensibilityGlobals) = postSolution
		SolutionGuid = {B4E4A8F0-64D7-4FAE-B515-9090AE1AE21E}
	EndGlobalSection
EndGlobal
